// !$*UTF8*$!
{
	archiveVersion = 1;
	classes = {
	};
	objectVersion = 56;
	objects = {

/* Begin PBXBuildFile section */
		692EC6D92BC1FDC90090FE3C /* Mk2Price.swift in Sources */ = {isa = PBXBuildFile; fileRef = 692EC6D82BC1FDC90090FE3C /* Mk2Price.swift */; };
		69326EB92BAB145700C18FCE /* Row.swift in Sources */ = {isa = PBXBuildFile; fileRef = 69326EB82BAB145700C18FCE /* Row.swift */; };
		694477302BC733C600FD2F4C /* Mk1About_iPad.swift in Sources */ = {isa = PBXBuildFile; fileRef = 6944772F2BC733C600FD2F4C /* Mk1About_iPad.swift */; };
		694477322BC73F3700FD2F4C /* Mk1Selection.swift in Sources */ = {isa = PBXBuildFile; fileRef = 694477312BC73F3700FD2F4C /* Mk1Selection.swift */; };
		696B77662BB9A39500B257D4 /* liberte.mp4 in Resources */ = {isa = PBXBuildFile; fileRef = 696B77652BB9A39500B257D4 /* liberte.mp4 */; };
		697B56DB2BBEF1FE005D7827 /* Mk2FaceliftAbout.swift in Sources */ = {isa = PBXBuildFile; fileRef = 697B56DA2BBEF1FE005D7827 /* Mk2FaceliftAbout.swift */; };
		698E54032BBC4A1700E2B470 /* Mk1Price.swift in Sources */ = {isa = PBXBuildFile; fileRef = 698E54022BBC4A1700E2B470 /* Mk1Price.swift */; };
		698E54082BBC4DF100E2B470 /* Mk2About.swift in Sources */ = {isa = PBXBuildFile; fileRef = 698E54072BBC4DF100E2B470 /* Mk2About.swift */; };
		6993573C2BC075C9001AB02C /* Mk2Specs.swift in Sources */ = {isa = PBXBuildFile; fileRef = 6993573B2BC075C9001AB02C /* Mk2Specs.swift */; };
		699A4E7F2BC43A7500553A5D /* Mk2Selection.swift in Sources */ = {isa = PBXBuildFile; fileRef = 699A4E7E2BC43A7500553A5D /* Mk2Selection.swift */; };
		699A4E812BC43B8F00553A5D /* Mk2About_iPad.swift in Sources */ = {isa = PBXBuildFile; fileRef = 699A4E802BC43B8F00553A5D /* Mk2About_iPad.swift */; };
		699F6DFF2BAD86D40090EF8C /* Mk1About.swift in Sources */ = {isa = PBXBuildFile; fileRef = 699F6DFE2BAD86D40090EF8C /* Mk1About.swift */; };
		69A06FBD2BC85F760044EC2B /* ContentView_iPad.swift in Sources */ = {isa = PBXBuildFile; fileRef = 69A06FBC2BC85F760044EC2B /* ContentView_iPad.swift */; };
		69A06FBF2BC861220044EC2B /* ContentViewSelection.swift in Sources */ = {isa = PBXBuildFile; fileRef = 69A06FBE2BC861220044EC2B /* ContentViewSelection.swift */; };
		69B1CBCB2BC57A1900101484 /* Mk2SelectionSpecs.swift in Sources */ = {isa = PBXBuildFile; fileRef = 69B1CBCA2BC57A1900101484 /* Mk2SelectionSpecs.swift */; };
		69B1CBCD2BC57A6000101484 /* Mk2Specs_iPad.swift in Sources */ = {isa = PBXBuildFile; fileRef = 69B1CBCC2BC57A6000101484 /* Mk2Specs_iPad.swift */; };
		69B1CBCF2BC58F7C00101484 /* Mk2FaceliftAbout_iPad.swift in Sources */ = {isa = PBXBuildFile; fileRef = 69B1CBCE2BC58F7C00101484 /* Mk2FaceliftAbout_iPad.swift */; };
		69B553592BB887B900A8E11C /* Mk1Specs.swift in Sources */ = {isa = PBXBuildFile; fileRef = 69B553582BB887B900A8E11C /* Mk1Specs.swift */; };
		69B8639D2BC7C66900815F10 /* Mk1Specs_iPad.swift in Sources */ = {isa = PBXBuildFile; fileRef = 69B8639C2BC7C66900815F10 /* Mk1Specs_iPad.swift */; };
		69B8639F2BC7C81300815F10 /* Mk1SelectionSpecs.swift in Sources */ = {isa = PBXBuildFile; fileRef = 69B8639E2BC7C81300815F10 /* Mk1SelectionSpecs.swift */; };
		69BE9B7A2BA5DEB0000D9236 /* Twingo_Tranquillity_RebornApp.swift in Sources */ = {isa = PBXBuildFile; fileRef = 69BE9B792BA5DEB0000D9236 /* Twingo_Tranquillity_RebornApp.swift */; };
		69BE9B7C2BA5DEB0000D9236 /* ContentView.swift in Sources */ = {isa = PBXBuildFile; fileRef = 69BE9B7B2BA5DEB0000D9236 /* ContentView.swift */; };
		69BE9B7E2BA5DEB2000D9236 /* Assets.xcassets in Resources */ = {isa = PBXBuildFile; fileRef = 69BE9B7D2BA5DEB2000D9236 /* Assets.xcassets */; };
		69BE9B812BA5DEB2000D9236 /* Preview Assets.xcassets in Resources */ = {isa = PBXBuildFile; fileRef = 69BE9B802BA5DEB2000D9236 /* Preview Assets.xcassets */; };
		69BE9B8B2BA5DEB3000D9236 /* Twingo_Tranquillity_RebornTests.swift in Sources */ = {isa = PBXBuildFile; fileRef = 69BE9B8A2BA5DEB3000D9236 /* Twingo_Tranquillity_RebornTests.swift */; };
		69BE9B952BA5DEB3000D9236 /* Twingo_Tranquillity_RebornUITests.swift in Sources */ = {isa = PBXBuildFile; fileRef = 69BE9B942BA5DEB3000D9236 /* Twingo_Tranquillity_RebornUITests.swift */; };
		69BE9B972BA5DEB3000D9236 /* Twingo_Tranquillity_RebornUITestsLaunchTests.swift in Sources */ = {isa = PBXBuildFile; fileRef = 69BE9B962BA5DEB3000D9236 /* Twingo_Tranquillity_RebornUITestsLaunchTests.swift */; };
		69BE9BA42BA5DEFF000D9236 /* TwingoMk3_pg1.swift in Sources */ = {isa = PBXBuildFile; fileRef = 69BE9BA32BA5DEFF000D9236 /* TwingoMk3_pg1.swift */; };
		69C5F10E2BC6E5C60008AD9B /* Row_iPad.swift in Sources */ = {isa = PBXBuildFile; fileRef = 69C5F10D2BC6E5C60008AD9B /* Row_iPad.swift */; };
		69C5F1122BC6E7A50008AD9B /* RowSelection.swift in Sources */ = {isa = PBXBuildFile; fileRef = 69C5F1112BC6E7A50008AD9B /* RowSelection.swift */; };
		69EBBACF2BD561A20029C0D9 /* Mk2Price_iPad.swift in Sources */ = {isa = PBXBuildFile; fileRef = 69EBBACE2BD561A20029C0D9 /* Mk2Price_iPad.swift */; };
		69EBBAD12BD561FB0029C0D9 /* Mk2SelectionPrice.swift in Sources */ = {isa = PBXBuildFile; fileRef = 69EBBAD02BD561FB0029C0D9 /* Mk2SelectionPrice.swift */; };
/* End PBXBuildFile section */

/* Begin PBXContainerItemProxy section */
		69BE9B872BA5DEB3000D9236 /* PBXContainerItemProxy */ = {
			isa = PBXContainerItemProxy;
			containerPortal = 69BE9B6E2BA5DEB0000D9236 /* Project object */;
			proxyType = 1;
			remoteGlobalIDString = 69BE9B752BA5DEB0000D9236;
			remoteInfo = "Twingo Tranquillity Reborn";
		};
		69BE9B912BA5DEB3000D9236 /* PBXContainerItemProxy */ = {
			isa = PBXContainerItemProxy;
			containerPortal = 69BE9B6E2BA5DEB0000D9236 /* Project object */;
			proxyType = 1;
			remoteGlobalIDString = 69BE9B752BA5DEB0000D9236;
			remoteInfo = "Twingo Tranquillity Reborn";
		};
/* End PBXContainerItemProxy section */

/* Begin PBXFileReference section */
		692EC6D82BC1FDC90090FE3C /* Mk2Price.swift */ = {isa = PBXFileReference; lastKnownFileType = sourcecode.swift; path = Mk2Price.swift; sourceTree = "<group>"; };
		69326EB82BAB145700C18FCE /* Row.swift */ = {isa = PBXFileReference; lastKnownFileType = sourcecode.swift; path = Row.swift; sourceTree = "<group>"; };
		6944772F2BC733C600FD2F4C /* Mk1About_iPad.swift */ = {isa = PBXFileReference; lastKnownFileType = sourcecode.swift; path = Mk1About_iPad.swift; sourceTree = "<group>"; };
		694477312BC73F3700FD2F4C /* Mk1Selection.swift */ = {isa = PBXFileReference; lastKnownFileType = sourcecode.swift; path = Mk1Selection.swift; sourceTree = "<group>"; };
		696B77652BB9A39500B257D4 /* liberte.mp4 */ = {isa = PBXFileReference; lastKnownFileType = file; path = liberte.mp4; sourceTree = "<group>"; };
		697B56DA2BBEF1FE005D7827 /* Mk2FaceliftAbout.swift */ = {isa = PBXFileReference; lastKnownFileType = sourcecode.swift; path = Mk2FaceliftAbout.swift; sourceTree = "<group>"; };
		698E54022BBC4A1700E2B470 /* Mk1Price.swift */ = {isa = PBXFileReference; lastKnownFileType = sourcecode.swift; path = Mk1Price.swift; sourceTree = "<group>"; };
		698E54072BBC4DF100E2B470 /* Mk2About.swift */ = {isa = PBXFileReference; lastKnownFileType = sourcecode.swift; path = Mk2About.swift; sourceTree = "<group>"; };
		6993573B2BC075C9001AB02C /* Mk2Specs.swift */ = {isa = PBXFileReference; lastKnownFileType = sourcecode.swift; path = Mk2Specs.swift; sourceTree = "<group>"; };
		699A4E7E2BC43A7500553A5D /* Mk2Selection.swift */ = {isa = PBXFileReference; lastKnownFileType = sourcecode.swift; path = Mk2Selection.swift; sourceTree = "<group>"; };
		699A4E802BC43B8F00553A5D /* Mk2About_iPad.swift */ = {isa = PBXFileReference; lastKnownFileType = sourcecode.swift; path = Mk2About_iPad.swift; sourceTree = "<group>"; };
		699F6DFE2BAD86D40090EF8C /* Mk1About.swift */ = {isa = PBXFileReference; lastKnownFileType = sourcecode.swift; path = Mk1About.swift; sourceTree = "<group>"; };
		69A06FBC2BC85F760044EC2B /* ContentView_iPad.swift */ = {isa = PBXFileReference; lastKnownFileType = sourcecode.swift; path = ContentView_iPad.swift; sourceTree = "<group>"; };
		69A06FBE2BC861220044EC2B /* ContentViewSelection.swift */ = {isa = PBXFileReference; lastKnownFileType = sourcecode.swift; path = ContentViewSelection.swift; sourceTree = "<group>"; };
		69B1CBCA2BC57A1900101484 /* Mk2SelectionSpecs.swift */ = {isa = PBXFileReference; lastKnownFileType = sourcecode.swift; path = Mk2SelectionSpecs.swift; sourceTree = "<group>"; };
		69B1CBCC2BC57A6000101484 /* Mk2Specs_iPad.swift */ = {isa = PBXFileReference; lastKnownFileType = sourcecode.swift; path = Mk2Specs_iPad.swift; sourceTree = "<group>"; };
		69B1CBCE2BC58F7C00101484 /* Mk2FaceliftAbout_iPad.swift */ = {isa = PBXFileReference; lastKnownFileType = sourcecode.swift; path = Mk2FaceliftAbout_iPad.swift; sourceTree = "<group>"; };
		69B553582BB887B900A8E11C /* Mk1Specs.swift */ = {isa = PBXFileReference; lastKnownFileType = sourcecode.swift; path = Mk1Specs.swift; sourceTree = "<group>"; };
		69B8639C2BC7C66900815F10 /* Mk1Specs_iPad.swift */ = {isa = PBXFileReference; lastKnownFileType = sourcecode.swift; path = Mk1Specs_iPad.swift; sourceTree = "<group>"; };
		69B8639E2BC7C81300815F10 /* Mk1SelectionSpecs.swift */ = {isa = PBXFileReference; lastKnownFileType = sourcecode.swift; path = Mk1SelectionSpecs.swift; sourceTree = "<group>"; };
		69BE9B762BA5DEB0000D9236 /* Twingo Tranquillity Reborn.app */ = {isa = PBXFileReference; explicitFileType = wrapper.application; includeInIndex = 0; path = "Twingo Tranquillity Reborn.app"; sourceTree = BUILT_PRODUCTS_DIR; };
		69BE9B792BA5DEB0000D9236 /* Twingo_Tranquillity_RebornApp.swift */ = {isa = PBXFileReference; lastKnownFileType = sourcecode.swift; path = Twingo_Tranquillity_RebornApp.swift; sourceTree = "<group>"; };
		69BE9B7B2BA5DEB0000D9236 /* ContentView.swift */ = {isa = PBXFileReference; lastKnownFileType = sourcecode.swift; path = ContentView.swift; sourceTree = "<group>"; };
		69BE9B7D2BA5DEB2000D9236 /* Assets.xcassets */ = {isa = PBXFileReference; lastKnownFileType = folder.assetcatalog; path = Assets.xcassets; sourceTree = "<group>"; };
		69BE9B802BA5DEB2000D9236 /* Preview Assets.xcassets */ = {isa = PBXFileReference; lastKnownFileType = folder.assetcatalog; path = "Preview Assets.xcassets"; sourceTree = "<group>"; };
		69BE9B862BA5DEB3000D9236 /* Twingo Tranquillity RebornTests.xctest */ = {isa = PBXFileReference; explicitFileType = wrapper.cfbundle; includeInIndex = 0; path = "Twingo Tranquillity RebornTests.xctest"; sourceTree = BUILT_PRODUCTS_DIR; };
		69BE9B8A2BA5DEB3000D9236 /* Twingo_Tranquillity_RebornTests.swift */ = {isa = PBXFileReference; lastKnownFileType = sourcecode.swift; path = Twingo_Tranquillity_RebornTests.swift; sourceTree = "<group>"; };
		69BE9B902BA5DEB3000D9236 /* Twingo Tranquillity RebornUITests.xctest */ = {isa = PBXFileReference; explicitFileType = wrapper.cfbundle; includeInIndex = 0; path = "Twingo Tranquillity RebornUITests.xctest"; sourceTree = BUILT_PRODUCTS_DIR; };
		69BE9B942BA5DEB3000D9236 /* Twingo_Tranquillity_RebornUITests.swift */ = {isa = PBXFileReference; lastKnownFileType = sourcecode.swift; path = Twingo_Tranquillity_RebornUITests.swift; sourceTree = "<group>"; };
		69BE9B962BA5DEB3000D9236 /* Twingo_Tranquillity_RebornUITestsLaunchTests.swift */ = {isa = PBXFileReference; lastKnownFileType = sourcecode.swift; path = Twingo_Tranquillity_RebornUITestsLaunchTests.swift; sourceTree = "<group>"; };
		69BE9BA32BA5DEFF000D9236 /* TwingoMk3_pg1.swift */ = {isa = PBXFileReference; lastKnownFileType = sourcecode.swift; path = TwingoMk3_pg1.swift; sourceTree = "<group>"; };
		69C5F10D2BC6E5C60008AD9B /* Row_iPad.swift */ = {isa = PBXFileReference; lastKnownFileType = sourcecode.swift; path = Row_iPad.swift; sourceTree = "<group>"; };
		69C5F1112BC6E7A50008AD9B /* RowSelection.swift */ = {isa = PBXFileReference; lastKnownFileType = sourcecode.swift; path = RowSelection.swift; sourceTree = "<group>"; };
		69EBBACE2BD561A20029C0D9 /* Mk2Price_iPad.swift */ = {isa = PBXFileReference; lastKnownFileType = sourcecode.swift; path = Mk2Price_iPad.swift; sourceTree = "<group>"; };
		69EBBAD02BD561FB0029C0D9 /* Mk2SelectionPrice.swift */ = {isa = PBXFileReference; lastKnownFileType = sourcecode.swift; path = Mk2SelectionPrice.swift; sourceTree = "<group>"; };
/* End PBXFileReference section */

/* Begin PBXFrameworksBuildPhase section */
		69BE9B732BA5DEB0000D9236 /* Frameworks */ = {
			isa = PBXFrameworksBuildPhase;
			buildActionMask = 2147483647;
			files = (
			);
			runOnlyForDeploymentPostprocessing = 0;
		};
		69BE9B832BA5DEB3000D9236 /* Frameworks */ = {
			isa = PBXFrameworksBuildPhase;
			buildActionMask = 2147483647;
			files = (
			);
			runOnlyForDeploymentPostprocessing = 0;
		};
		69BE9B8D2BA5DEB3000D9236 /* Frameworks */ = {
			isa = PBXFrameworksBuildPhase;
			buildActionMask = 2147483647;
			files = (
			);
			runOnlyForDeploymentPostprocessing = 0;
		};
/* End PBXFrameworksBuildPhase section */

/* Begin PBXGroup section */
		697B56D92BBEF1E8005D7827 /* mk2f */ = {
			isa = PBXGroup;
			children = (
				697B56DA2BBEF1FE005D7827 /* Mk2FaceliftAbout.swift */,
				69B1CBCE2BC58F7C00101484 /* Mk2FaceliftAbout_iPad.swift */,
			);
			path = mk2f;
			sourceTree = "<group>";
		};
		698E54062BBC4DC800E2B470 /* mk2 */ = {
			isa = PBXGroup;
			children = (
				6993573B2BC075C9001AB02C /* Mk2Specs.swift */,
				698E54072BBC4DF100E2B470 /* Mk2About.swift */,
				692EC6D82BC1FDC90090FE3C /* Mk2Price.swift */,
				69EBBAD02BD561FB0029C0D9 /* Mk2SelectionPrice.swift */,
				69EBBACE2BD561A20029C0D9 /* Mk2Price_iPad.swift */,
				699A4E7E2BC43A7500553A5D /* Mk2Selection.swift */,
				69B1CBCA2BC57A1900101484 /* Mk2SelectionSpecs.swift */,
				699A4E802BC43B8F00553A5D /* Mk2About_iPad.swift */,
				69B1CBCC2BC57A6000101484 /* Mk2Specs_iPad.swift */,
				697B56D92BBEF1E8005D7827 /* mk2f */,
			);
			path = mk2;
			sourceTree = "<group>";
		};
		699F6E012BAD8A810090EF8C /* mk1 */ = {
			isa = PBXGroup;
			children = (
				699F6DFE2BAD86D40090EF8C /* Mk1About.swift */,
				69B553582BB887B900A8E11C /* Mk1Specs.swift */,
				698E54022BBC4A1700E2B470 /* Mk1Price.swift */,
				694477312BC73F3700FD2F4C /* Mk1Selection.swift */,
				69B8639E2BC7C81300815F10 /* Mk1SelectionSpecs.swift */,
				6944772F2BC733C600FD2F4C /* Mk1About_iPad.swift */,
				69B8639C2BC7C66900815F10 /* Mk1Specs_iPad.swift */,
			);
			path = mk1;
			sourceTree = "<group>";
		};
		69BE9B6D2BA5DEB0000D9236 = {
			isa = PBXGroup;
			children = (
				696B77652BB9A39500B257D4 /* liberte.mp4 */,
				69BE9B782BA5DEB0000D9236 /* Twingo Tranquillity Reborn */,
				69BE9B892BA5DEB3000D9236 /* Twingo Tranquillity RebornTests */,
				69BE9B932BA5DEB3000D9236 /* Twingo Tranquillity RebornUITests */,
				69BE9B772BA5DEB0000D9236 /* Products */,
			);
			sourceTree = "<group>";
		};
		69BE9B772BA5DEB0000D9236 /* Products */ = {
			isa = PBXGroup;
			children = (
				69BE9B762BA5DEB0000D9236 /* Twingo Tranquillity Reborn.app */,
				69BE9B862BA5DEB3000D9236 /* Twingo Tranquillity RebornTests.xctest */,
				69BE9B902BA5DEB3000D9236 /* Twingo Tranquillity RebornUITests.xctest */,
			);
			name = Products;
			sourceTree = "<group>";
		};
		69BE9B782BA5DEB0000D9236 /* Twingo Tranquillity Reborn */ = {
			isa = PBXGroup;
			children = (
				698E54062BBC4DC800E2B470 /* mk2 */,
				699F6E012BAD8A810090EF8C /* mk1 */,
				69BE9B792BA5DEB0000D9236 /* Twingo_Tranquillity_RebornApp.swift */,
				69326EB82BAB145700C18FCE /* Row.swift */,
				69C5F1112BC6E7A50008AD9B /* RowSelection.swift */,
				69C5F10D2BC6E5C60008AD9B /* Row_iPad.swift */,
				69BE9B7B2BA5DEB0000D9236 /* ContentView.swift */,
				69A06FBE2BC861220044EC2B /* ContentViewSelection.swift */,
				69A06FBC2BC85F760044EC2B /* ContentView_iPad.swift */,
				69BE9BA32BA5DEFF000D9236 /* TwingoMk3_pg1.swift */,
				69BE9B7D2BA5DEB2000D9236 /* Assets.xcassets */,
				69BE9B7F2BA5DEB2000D9236 /* Preview Content */,
			);
			path = "Twingo Tranquillity Reborn";
			sourceTree = "<group>";
		};
		69BE9B7F2BA5DEB2000D9236 /* Preview Content */ = {
			isa = PBXGroup;
			children = (
				69BE9B802BA5DEB2000D9236 /* Preview Assets.xcassets */,
			);
			path = "Preview Content";
			sourceTree = "<group>";
		};
		69BE9B892BA5DEB3000D9236 /* Twingo Tranquillity RebornTests */ = {
			isa = PBXGroup;
			children = (
				69BE9B8A2BA5DEB3000D9236 /* Twingo_Tranquillity_RebornTests.swift */,
			);
			path = "Twingo Tranquillity RebornTests";
			sourceTree = "<group>";
		};
		69BE9B932BA5DEB3000D9236 /* Twingo Tranquillity RebornUITests */ = {
			isa = PBXGroup;
			children = (
				69BE9B942BA5DEB3000D9236 /* Twingo_Tranquillity_RebornUITests.swift */,
				69BE9B962BA5DEB3000D9236 /* Twingo_Tranquillity_RebornUITestsLaunchTests.swift */,
			);
			path = "Twingo Tranquillity RebornUITests";
			sourceTree = "<group>";
		};
/* End PBXGroup section */

/* Begin PBXNativeTarget section */
		69BE9B752BA5DEB0000D9236 /* Twingo Tranquillity Reborn */ = {
			isa = PBXNativeTarget;
			buildConfigurationList = 69BE9B9A2BA5DEB3000D9236 /* Build configuration list for PBXNativeTarget "Twingo Tranquillity Reborn" */;
			buildPhases = (
				69BE9B722BA5DEB0000D9236 /* Sources */,
				69BE9B732BA5DEB0000D9236 /* Frameworks */,
				69BE9B742BA5DEB0000D9236 /* Resources */,
			);
			buildRules = (
			);
			dependencies = (
			);
			name = "Twingo Tranquillity Reborn";
			productName = "Twingo Tranquillity Reborn";
			productReference = 69BE9B762BA5DEB0000D9236 /* Twingo Tranquillity Reborn.app */;
			productType = "com.apple.product-type.application";
		};
		69BE9B852BA5DEB3000D9236 /* Twingo Tranquillity RebornTests */ = {
			isa = PBXNativeTarget;
			buildConfigurationList = 69BE9B9D2BA5DEB3000D9236 /* Build configuration list for PBXNativeTarget "Twingo Tranquillity RebornTests" */;
			buildPhases = (
				69BE9B822BA5DEB3000D9236 /* Sources */,
				69BE9B832BA5DEB3000D9236 /* Frameworks */,
				69BE9B842BA5DEB3000D9236 /* Resources */,
			);
			buildRules = (
			);
			dependencies = (
				69BE9B882BA5DEB3000D9236 /* PBXTargetDependency */,
			);
			name = "Twingo Tranquillity RebornTests";
			productName = "Twingo Tranquillity RebornTests";
			productReference = 69BE9B862BA5DEB3000D9236 /* Twingo Tranquillity RebornTests.xctest */;
			productType = "com.apple.product-type.bundle.unit-test";
		};
		69BE9B8F2BA5DEB3000D9236 /* Twingo Tranquillity RebornUITests */ = {
			isa = PBXNativeTarget;
			buildConfigurationList = 69BE9BA02BA5DEB3000D9236 /* Build configuration list for PBXNativeTarget "Twingo Tranquillity RebornUITests" */;
			buildPhases = (
				69BE9B8C2BA5DEB3000D9236 /* Sources */,
				69BE9B8D2BA5DEB3000D9236 /* Frameworks */,
				69BE9B8E2BA5DEB3000D9236 /* Resources */,
			);
			buildRules = (
			);
			dependencies = (
				69BE9B922BA5DEB3000D9236 /* PBXTargetDependency */,
			);
			name = "Twingo Tranquillity RebornUITests";
			productName = "Twingo Tranquillity RebornUITests";
			productReference = 69BE9B902BA5DEB3000D9236 /* Twingo Tranquillity RebornUITests.xctest */;
			productType = "com.apple.product-type.bundle.ui-testing";
		};
/* End PBXNativeTarget section */

/* Begin PBXProject section */
		69BE9B6E2BA5DEB0000D9236 /* Project object */ = {
			isa = PBXProject;
			attributes = {
				BuildIndependentTargetsInParallel = 1;
				LastSwiftUpdateCheck = 1530;
				LastUpgradeCheck = 1530;
				TargetAttributes = {
					69BE9B752BA5DEB0000D9236 = {
						CreatedOnToolsVersion = 15.3;
					};
					69BE9B852BA5DEB3000D9236 = {
						CreatedOnToolsVersion = 15.3;
						TestTargetID = 69BE9B752BA5DEB0000D9236;
					};
					69BE9B8F2BA5DEB3000D9236 = {
						CreatedOnToolsVersion = 15.3;
						TestTargetID = 69BE9B752BA5DEB0000D9236;
					};
				};
			};
			buildConfigurationList = 69BE9B712BA5DEB0000D9236 /* Build configuration list for PBXProject "Twingo Tranquillity Reborn" */;
			compatibilityVersion = "Xcode 14.0";
			developmentRegion = en;
			hasScannedForEncodings = 0;
			knownRegions = (
				en,
				Base,
			);
			mainGroup = 69BE9B6D2BA5DEB0000D9236;
			productRefGroup = 69BE9B772BA5DEB0000D9236 /* Products */;
			projectDirPath = "";
			projectRoot = "";
			targets = (
				69BE9B752BA5DEB0000D9236 /* Twingo Tranquillity Reborn */,
				69BE9B852BA5DEB3000D9236 /* Twingo Tranquillity RebornTests */,
				69BE9B8F2BA5DEB3000D9236 /* Twingo Tranquillity RebornUITests */,
			);
		};
/* End PBXProject section */

/* Begin PBXResourcesBuildPhase section */
		69BE9B742BA5DEB0000D9236 /* Resources */ = {
			isa = PBXResourcesBuildPhase;
			buildActionMask = 2147483647;
			files = (
				69BE9B812BA5DEB2000D9236 /* Preview Assets.xcassets in Resources */,
				69BE9B7E2BA5DEB2000D9236 /* Assets.xcassets in Resources */,
				696B77662BB9A39500B257D4 /* liberte.mp4 in Resources */,
			);
			runOnlyForDeploymentPostprocessing = 0;
		};
		69BE9B842BA5DEB3000D9236 /* Resources */ = {
			isa = PBXResourcesBuildPhase;
			buildActionMask = 2147483647;
			files = (
			);
			runOnlyForDeploymentPostprocessing = 0;
		};
		69BE9B8E2BA5DEB3000D9236 /* Resources */ = {
			isa = PBXResourcesBuildPhase;
			buildActionMask = 2147483647;
			files = (
			);
			runOnlyForDeploymentPostprocessing = 0;
		};
/* End PBXResourcesBuildPhase section */

/* Begin PBXSourcesBuildPhase section */
		69BE9B722BA5DEB0000D9236 /* Sources */ = {
			isa = PBXSourcesBuildPhase;
			buildActionMask = 2147483647;
			files = (
				69B8639D2BC7C66900815F10 /* Mk1Specs_iPad.swift in Sources */,
				69B8639F2BC7C81300815F10 /* Mk1SelectionSpecs.swift in Sources */,
				69B1CBCB2BC57A1900101484 /* Mk2SelectionSpecs.swift in Sources */,
				69A06FBD2BC85F760044EC2B /* ContentView_iPad.swift in Sources */,
				698E54032BBC4A1700E2B470 /* Mk1Price.swift in Sources */,
				69B553592BB887B900A8E11C /* Mk1Specs.swift in Sources */,
				69C5F1122BC6E7A50008AD9B /* RowSelection.swift in Sources */,
				69BE9B7C2BA5DEB0000D9236 /* ContentView.swift in Sources */,
				69BE9B7A2BA5DEB0000D9236 /* Twingo_Tranquillity_RebornApp.swift in Sources */,
				69EBBACF2BD561A20029C0D9 /* Mk2Price_iPad.swift in Sources */,
				69A06FBF2BC861220044EC2B /* ContentViewSelection.swift in Sources */,
				69C5F10E2BC6E5C60008AD9B /* Row_iPad.swift in Sources */,
				699F6DFF2BAD86D40090EF8C /* Mk1About.swift in Sources */,
				694477302BC733C600FD2F4C /* Mk1About_iPad.swift in Sources */,
				69B1CBCF2BC58F7C00101484 /* Mk2FaceliftAbout_iPad.swift in Sources */,
				69EBBAD12BD561FB0029C0D9 /* Mk2SelectionPrice.swift in Sources */,
				69326EB92BAB145700C18FCE /* Row.swift in Sources */,
				698E54082BBC4DF100E2B470 /* Mk2About.swift in Sources */,
				6993573C2BC075C9001AB02C /* Mk2Specs.swift in Sources */,
				697B56DB2BBEF1FE005D7827 /* Mk2FaceliftAbout.swift in Sources */,
				69B1CBCD2BC57A6000101484 /* Mk2Specs_iPad.swift in Sources */,
				699A4E7F2BC43A7500553A5D /* Mk2Selection.swift in Sources */,
				694477322BC73F3700FD2F4C /* Mk1Selection.swift in Sources */,
				69BE9BA42BA5DEFF000D9236 /* TwingoMk3_pg1.swift in Sources */,
				692EC6D92BC1FDC90090FE3C /* Mk2Price.swift in Sources */,
				699A4E812BC43B8F00553A5D /* Mk2About_iPad.swift in Sources */,
			);
			runOnlyForDeploymentPostprocessing = 0;
		};
		69BE9B822BA5DEB3000D9236 /* Sources */ = {
			isa = PBXSourcesBuildPhase;
			buildActionMask = 2147483647;
			files = (
				69BE9B8B2BA5DEB3000D9236 /* Twingo_Tranquillity_RebornTests.swift in Sources */,
			);
			runOnlyForDeploymentPostprocessing = 0;
		};
		69BE9B8C2BA5DEB3000D9236 /* Sources */ = {
			isa = PBXSourcesBuildPhase;
			buildActionMask = 2147483647;
			files = (
				69BE9B972BA5DEB3000D9236 /* Twingo_Tranquillity_RebornUITestsLaunchTests.swift in Sources */,
				69BE9B952BA5DEB3000D9236 /* Twingo_Tranquillity_RebornUITests.swift in Sources */,
			);
			runOnlyForDeploymentPostprocessing = 0;
		};
/* End PBXSourcesBuildPhase section */

/* Begin PBXTargetDependency section */
		69BE9B882BA5DEB3000D9236 /* PBXTargetDependency */ = {
			isa = PBXTargetDependency;
			target = 69BE9B752BA5DEB0000D9236 /* Twingo Tranquillity Reborn */;
			targetProxy = 69BE9B872BA5DEB3000D9236 /* PBXContainerItemProxy */;
		};
		69BE9B922BA5DEB3000D9236 /* PBXTargetDependency */ = {
			isa = PBXTargetDependency;
			target = 69BE9B752BA5DEB0000D9236 /* Twingo Tranquillity Reborn */;
			targetProxy = 69BE9B912BA5DEB3000D9236 /* PBXContainerItemProxy */;
		};
/* End PBXTargetDependency section */

/* Begin XCBuildConfiguration section */
		69BE9B982BA5DEB3000D9236 /* Debug */ = {
			isa = XCBuildConfiguration;
			buildSettings = {
				ALWAYS_SEARCH_USER_PATHS = NO;
				ASSETCATALOG_COMPILER_GENERATE_SWIFT_ASSET_SYMBOL_EXTENSIONS = YES;
				CLANG_ANALYZER_NONNULL = YES;
				CLANG_ANALYZER_NUMBER_OBJECT_CONVERSION = YES_AGGRESSIVE;
				CLANG_CXX_LANGUAGE_STANDARD = "gnu++20";
				CLANG_ENABLE_MODULES = YES;
				CLANG_ENABLE_OBJC_ARC = YES;
				CLANG_ENABLE_OBJC_WEAK = YES;
				CLANG_WARN_BLOCK_CAPTURE_AUTORELEASING = YES;
				CLANG_WARN_BOOL_CONVERSION = YES;
				CLANG_WARN_COMMA = YES;
				CLANG_WARN_CONSTANT_CONVERSION = YES;
				CLANG_WARN_DEPRECATED_OBJC_IMPLEMENTATIONS = YES;
				CLANG_WARN_DIRECT_OBJC_ISA_USAGE = YES_ERROR;
				CLANG_WARN_DOCUMENTATION_COMMENTS = YES;
				CLANG_WARN_EMPTY_BODY = YES;
				CLANG_WARN_ENUM_CONVERSION = YES;
				CLANG_WARN_INFINITE_RECURSION = YES;
				CLANG_WARN_INT_CONVERSION = YES;
				CLANG_WARN_NON_LITERAL_NULL_CONVERSION = YES;
				CLANG_WARN_OBJC_IMPLICIT_RETAIN_SELF = YES;
				CLANG_WARN_OBJC_LITERAL_CONVERSION = YES;
				CLANG_WARN_OBJC_ROOT_CLASS = YES_ERROR;
				CLANG_WARN_QUOTED_INCLUDE_IN_FRAMEWORK_HEADER = YES;
				CLANG_WARN_RANGE_LOOP_ANALYSIS = YES;
				CLANG_WARN_STRICT_PROTOTYPES = YES;
				CLANG_WARN_SUSPICIOUS_MOVE = YES;
				CLANG_WARN_UNGUARDED_AVAILABILITY = YES_AGGRESSIVE;
				CLANG_WARN_UNREACHABLE_CODE = YES;
				CLANG_WARN__DUPLICATE_METHOD_MATCH = YES;
				COPY_PHASE_STRIP = NO;
				DEBUG_INFORMATION_FORMAT = dwarf;
				ENABLE_STRICT_OBJC_MSGSEND = YES;
				ENABLE_TESTABILITY = YES;
				ENABLE_USER_SCRIPT_SANDBOXING = YES;
				GCC_C_LANGUAGE_STANDARD = gnu17;
				GCC_DYNAMIC_NO_PIC = NO;
				GCC_NO_COMMON_BLOCKS = YES;
				GCC_OPTIMIZATION_LEVEL = 0;
				GCC_PREPROCESSOR_DEFINITIONS = (
					"DEBUG=1",
					"$(inherited)",
				);
				GCC_WARN_64_TO_32_BIT_CONVERSION = YES;
				GCC_WARN_ABOUT_RETURN_TYPE = YES_ERROR;
				GCC_WARN_UNDECLARED_SELECTOR = YES;
				GCC_WARN_UNINITIALIZED_AUTOS = YES_AGGRESSIVE;
				GCC_WARN_UNUSED_FUNCTION = YES;
				GCC_WARN_UNUSED_VARIABLE = YES;
				IPHONEOS_DEPLOYMENT_TARGET = 17.4;
				LOCALIZATION_PREFERS_STRING_CATALOGS = YES;
				MTL_ENABLE_DEBUG_INFO = INCLUDE_SOURCE;
				MTL_FAST_MATH = YES;
				ONLY_ACTIVE_ARCH = YES;
				SDKROOT = iphoneos;
				SWIFT_ACTIVE_COMPILATION_CONDITIONS = "DEBUG $(inherited)";
				SWIFT_OPTIMIZATION_LEVEL = "-Onone";
			};
			name = Debug;
		};
		69BE9B992BA5DEB3000D9236 /* Release */ = {
			isa = XCBuildConfiguration;
			buildSettings = {
				ALWAYS_SEARCH_USER_PATHS = NO;
				ASSETCATALOG_COMPILER_GENERATE_SWIFT_ASSET_SYMBOL_EXTENSIONS = YES;
				CLANG_ANALYZER_NONNULL = YES;
				CLANG_ANALYZER_NUMBER_OBJECT_CONVERSION = YES_AGGRESSIVE;
				CLANG_CXX_LANGUAGE_STANDARD = "gnu++20";
				CLANG_ENABLE_MODULES = YES;
				CLANG_ENABLE_OBJC_ARC = YES;
				CLANG_ENABLE_OBJC_WEAK = YES;
				CLANG_WARN_BLOCK_CAPTURE_AUTORELEASING = YES;
				CLANG_WARN_BOOL_CONVERSION = YES;
				CLANG_WARN_COMMA = YES;
				CLANG_WARN_CONSTANT_CONVERSION = YES;
				CLANG_WARN_DEPRECATED_OBJC_IMPLEMENTATIONS = YES;
				CLANG_WARN_DIRECT_OBJC_ISA_USAGE = YES_ERROR;
				CLANG_WARN_DOCUMENTATION_COMMENTS = YES;
				CLANG_WARN_EMPTY_BODY = YES;
				CLANG_WARN_ENUM_CONVERSION = YES;
				CLANG_WARN_INFINITE_RECURSION = YES;
				CLANG_WARN_INT_CONVERSION = YES;
				CLANG_WARN_NON_LITERAL_NULL_CONVERSION = YES;
				CLANG_WARN_OBJC_IMPLICIT_RETAIN_SELF = YES;
				CLANG_WARN_OBJC_LITERAL_CONVERSION = YES;
				CLANG_WARN_OBJC_ROOT_CLASS = YES_ERROR;
				CLANG_WARN_QUOTED_INCLUDE_IN_FRAMEWORK_HEADER = YES;
				CLANG_WARN_RANGE_LOOP_ANALYSIS = YES;
				CLANG_WARN_STRICT_PROTOTYPES = YES;
				CLANG_WARN_SUSPICIOUS_MOVE = YES;
				CLANG_WARN_UNGUARDED_AVAILABILITY = YES_AGGRESSIVE;
				CLANG_WARN_UNREACHABLE_CODE = YES;
				CLANG_WARN__DUPLICATE_METHOD_MATCH = YES;
				COPY_PHASE_STRIP = NO;
				DEBUG_INFORMATION_FORMAT = "dwarf-with-dsym";
				ENABLE_NS_ASSERTIONS = NO;
				ENABLE_STRICT_OBJC_MSGSEND = YES;
				ENABLE_USER_SCRIPT_SANDBOXING = YES;
				GCC_C_LANGUAGE_STANDARD = gnu17;
				GCC_NO_COMMON_BLOCKS = YES;
				GCC_WARN_64_TO_32_BIT_CONVERSION = YES;
				GCC_WARN_ABOUT_RETURN_TYPE = YES_ERROR;
				GCC_WARN_UNDECLARED_SELECTOR = YES;
				GCC_WARN_UNINITIALIZED_AUTOS = YES_AGGRESSIVE;
				GCC_WARN_UNUSED_FUNCTION = YES;
				GCC_WARN_UNUSED_VARIABLE = YES;
				IPHONEOS_DEPLOYMENT_TARGET = 17.4;
				LOCALIZATION_PREFERS_STRING_CATALOGS = YES;
				MTL_ENABLE_DEBUG_INFO = NO;
				MTL_FAST_MATH = YES;
				SDKROOT = iphoneos;
				SWIFT_COMPILATION_MODE = wholemodule;
				VALIDATE_PRODUCT = YES;
			};
			name = Release;
		};
		69BE9B9B2BA5DEB3000D9236 /* Debug */ = {
			isa = XCBuildConfiguration;
			buildSettings = {
				ASSETCATALOG_COMPILER_APPICON_NAME = AppIcon;
				ASSETCATALOG_COMPILER_GLOBAL_ACCENT_COLOR_NAME = AccentColor;
				CODE_SIGN_STYLE = Automatic;
				CURRENT_PROJECT_VERSION = 1;
				DEVELOPMENT_ASSET_PATHS = "\"Twingo Tranquillity Reborn/Preview Content\"";
				ENABLE_PREVIEWS = YES;
				GENERATE_INFOPLIST_FILE = YES;
				INFOPLIST_KEY_UIApplicationSceneManifest_Generation = YES;
				INFOPLIST_KEY_UIApplicationSupportsIndirectInputEvents = YES;
				INFOPLIST_KEY_UILaunchScreen_Generation = YES;
				INFOPLIST_KEY_UISupportedInterfaceOrientations = UIInterfaceOrientationPortrait;
				LD_RUNPATH_SEARCH_PATHS = (
					"$(inherited)",
					"@executable_path/Frameworks",
				);
				MARKETING_VERSION = 1.0;
				PRODUCT_BUNDLE_IDENTIFIER = "Info.la.Rupere.Twingo-Tranquillity-Reborn";
				PRODUCT_NAME = "$(TARGET_NAME)";
				SWIFT_EMIT_LOC_STRINGS = YES;
				SWIFT_VERSION = 5.0;
				TARGETED_DEVICE_FAMILY = "1,2";
			};
			name = Debug;
		};
		69BE9B9C2BA5DEB3000D9236 /* Release */ = {
			isa = XCBuildConfiguration;
			buildSettings = {
				ASSETCATALOG_COMPILER_APPICON_NAME = AppIcon;
				ASSETCATALOG_COMPILER_GLOBAL_ACCENT_COLOR_NAME = AccentColor;
				CODE_SIGN_STYLE = Automatic;
				CURRENT_PROJECT_VERSION = 1;
				DEVELOPMENT_ASSET_PATHS = "\"Twingo Tranquillity Reborn/Preview Content\"";
				ENABLE_PREVIEWS = YES;
				GENERATE_INFOPLIST_FILE = YES;
				INFOPLIST_KEY_UIApplicationSceneManifest_Generation = YES;
				INFOPLIST_KEY_UIApplicationSupportsIndirectInputEvents = YES;
				INFOPLIST_KEY_UILaunchScreen_Generation = YES;
				INFOPLIST_KEY_UISupportedInterfaceOrientations = UIInterfaceOrientationPortrait;
				LD_RUNPATH_SEARCH_PATHS = (
					"$(inherited)",
					"@executable_path/Frameworks",
				);
				MARKETING_VERSION = 1.0;
				PRODUCT_BUNDLE_IDENTIFIER = "Info.la.Rupere.Twingo-Tranquillity-Reborn";
				PRODUCT_NAME = "$(TARGET_NAME)";
				SWIFT_EMIT_LOC_STRINGS = YES;
				SWIFT_VERSION = 5.0;
				TARGETED_DEVICE_FAMILY = "1,2";
			};
			name = Release;
		};
		69BE9B9E2BA5DEB3000D9236 /* Debug */ = {
			isa = XCBuildConfiguration;
			buildSettings = {
				ALWAYS_EMBED_SWIFT_STANDARD_LIBRARIES = YES;
				BUNDLE_LOADER = "$(TEST_HOST)";
				CODE_SIGN_STYLE = Automatic;
				CURRENT_PROJECT_VERSION = 1;
				GENERATE_INFOPLIST_FILE = YES;
				IPHONEOS_DEPLOYMENT_TARGET = 17.4;
				MARKETING_VERSION = 1.0;
				PRODUCT_BUNDLE_IDENTIFIER = "Info.la.Rupere.Twingo-Tranquillity-RebornTests";
				PRODUCT_NAME = "$(TARGET_NAME)";
				SWIFT_EMIT_LOC_STRINGS = NO;
				SWIFT_VERSION = 5.0;
				TARGETED_DEVICE_FAMILY = "1,2";
				TEST_HOST = "$(BUILT_PRODUCTS_DIR)/Twingo Tranquillity Reborn.app/$(BUNDLE_EXECUTABLE_FOLDER_PATH)/Twingo Tranquillity Reborn";
			};
			name = Debug;
		};
		69BE9B9F2BA5DEB3000D9236 /* Release */ = {
			isa = XCBuildConfiguration;
			buildSettings = {
				ALWAYS_EMBED_SWIFT_STANDARD_LIBRARIES = YES;
				BUNDLE_LOADER = "$(TEST_HOST)";
				CODE_SIGN_STYLE = Automatic;
				CURRENT_PROJECT_VERSION = 1;
				GENERATE_INFOPLIST_FILE = YES;
				IPHONEOS_DEPLOYMENT_TARGET = 17.4;
				MARKETING_VERSION = 1.0;
				PRODUCT_BUNDLE_IDENTIFIER = "Info.la.Rupere.Twingo-Tranquillity-RebornTests";
				PRODUCT_NAME = "$(TARGET_NAME)";
				SWIFT_EMIT_LOC_STRINGS = NO;
				SWIFT_VERSION = 5.0;
				TARGETED_DEVICE_FAMILY = "1,2";
				TEST_HOST = "$(BUILT_PRODUCTS_DIR)/Twingo Tranquillity Reborn.app/$(BUNDLE_EXECUTABLE_FOLDER_PATH)/Twingo Tranquillity Reborn";
			};
			name = Release;
		};
		69BE9BA12BA5DEB3000D9236 /* Debug */ = {
			isa = XCBuildConfiguration;
			buildSettings = {
				ALWAYS_EMBED_SWIFT_STANDARD_LIBRARIES = YES;
				CODE_SIGN_STYLE = Automatic;
				CURRENT_PROJECT_VERSION = 1;
				GENERATE_INFOPLIST_FILE = YES;
				MARKETING_VERSION = 1.0;
				PRODUCT_BUNDLE_IDENTIFIER = "Info.la.Rupere.Twingo-Tranquillity-RebornUITests";
				PRODUCT_NAME = "$(TARGET_NAME)";
				SWIFT_EMIT_LOC_STRINGS = NO;
				SWIFT_VERSION = 5.0;
				TARGETED_DEVICE_FAMILY = "1,2";
				TEST_TARGET_NAME = "Twingo Tranquillity Reborn";
			};
			name = Debug;
		};
		69BE9BA22BA5DEB3000D9236 /* Release */ = {
			isa = XCBuildConfiguration;
			buildSettings = {
				ALWAYS_EMBED_SWIFT_STANDARD_LIBRARIES = YES;
				CODE_SIGN_STYLE = Automatic;
				CURRENT_PROJECT_VERSION = 1;
				GENERATE_INFOPLIST_FILE = YES;
				MARKETING_VERSION = 1.0;
				PRODUCT_BUNDLE_IDENTIFIER = "Info.la.Rupere.Twingo-Tranquillity-RebornUITests";
				PRODUCT_NAME = "$(TARGET_NAME)";
				SWIFT_EMIT_LOC_STRINGS = NO;
				SWIFT_VERSION = 5.0;
				TARGETED_DEVICE_FAMILY = "1,2";
				TEST_TARGET_NAME = "Twingo Tranquillity Reborn";
			};
			name = Release;
		};
/* End XCBuildConfiguration section */

/* Begin XCConfigurationList section */
		69BE9B712BA5DEB0000D9236 /* Build configuration list for PBXProject "Twingo Tranquillity Reborn" */ = {
			isa = XCConfigurationList;
			buildConfigurations = (
				69BE9B982BA5DEB3000D9236 /* Debug */,
				69BE9B992BA5DEB3000D9236 /* Release */,
			);
			defaultConfigurationIsVisible = 0;
			defaultConfigurationName = Release;
		};
		69BE9B9A2BA5DEB3000D9236 /* Build configuration list for PBXNativeTarget "Twingo Tranquillity Reborn" */ = {
			isa = XCConfigurationList;
			buildConfigurations = (
				69BE9B9B2BA5DEB3000D9236 /* Debug */,
				69BE9B9C2BA5DEB3000D9236 /* Release */,
			);
			defaultConfigurationIsVisible = 0;
			defaultConfigurationName = Release;
		};
		69BE9B9D2BA5DEB3000D9236 /* Build configuration list for PBXNativeTarget "Twingo Tranquillity RebornTests" */ = {
			isa = XCConfigurationList;
			buildConfigurations = (
				69BE9B9E2BA5DEB3000D9236 /* Debug */,
				69BE9B9F2BA5DEB3000D9236 /* Release */,
			);
			defaultConfigurationIsVisible = 0;
			defaultConfigurationName = Release;
		};
		69BE9BA02BA5DEB3000D9236 /* Build configuration list for PBXNativeTarget "Twingo Tranquillity RebornUITests" */ = {
			isa = XCConfigurationList;
			buildConfigurations = (
				69BE9BA12BA5DEB3000D9236 /* Debug */,
				69BE9BA22BA5DEB3000D9236 /* Release */,
			);
			defaultConfigurationIsVisible = 0;
			defaultConfigurationName = Release;
		};
/* End XCConfigurationList section */
	};
	rootObject = 69BE9B6E2BA5DEB0000D9236 /* Project object */;
}
